
Microsoft Visual Studio Solution File, Format Version 12.00
# Visual Studio Version 17
VisualStudioVersion = 17.3.32825.248
MinimumVisualStudioVersion = 10.0.40219.1
Project("{8BC9CEB8-8B4A-11D0-8D11-00A0C91BC942}") = "CoolerCli", "CoolerCli\CoolerCli.vcxproj", "{9440D79A-819E-4F0D-B87D-8D7EA78E12D9}"
EndProject
Project("{2150E333-8FDC-42A3-9474-1A3956D46DE8}") = "Solution Items", "Solution Items", "{2BD37FCF-A154-4940-89DC-BB77A4C2CB5C}"
	ProjectSection(SolutionItems) = preProject
		README.md = README.md
	EndProjectSection
EndProject
Global
	GlobalSection(SolutionConfigurationPlatforms) = preSolution
		Debug|x64 = Debug|x64
		Debug|x86 = Debug|x86
		Release|x64 = Release|x64
		Release|x86 = Release|x86
	EndGlobalSection
	GlobalSection(ProjectConfigurationPlatforms) = postSolution
		{9440D79A-819E-4F0D-B87D-8D7EA78E12D9}.Debug|x64.ActiveCfg = Debug|x64
		{9440D79A-819E-4F0D-B87D-8D7EA78E12D9}.Debug|x64.Build.0 = Debug|x64
		{9440D79A-819E-4F0D-B87D-8D7EA78E12D9}.Debug|x86.ActiveCfg = Debug|Win32
		{9440D79A-819E-4F0D-B87D-8D7EA78E12D9}.Debug|x86.Build.0 = Debug|Win32
		{9440D79A-819E-4F0D-B87D-8D7EA78E12D9}.Release|x64.ActiveCfg = Release|x64
		{9440D79A-819E-4F0D-B87D-8D7EA78E12D9}.Release|x64.Build.0 = Release|x64
		{9440D79A-819E-4F0D-B87D-8D7EA78E12D9}.Release|x86.ActiveCfg = Release|Win32
		{9440D79A-819E-4F0D-B87D-8D7EA78E12D9}.Release|x86.Build.0 = Release|Win32
	EndGlobalSection
	GlobalSection(SolutionProperties) = preSolution
		HideSolutionNode = FALSE
	EndGlobalSection
	GlobalSection(ExtensibilityGlobals) = postSolution
		SolutionGuid = {064F212F-734B-40F7-B4DD-582415B4BA12}
	EndGlobalSection
EndGlobal
